
Microsoft Visual Studio Solution File, Format Version 12.00
# Visual Studio 15
VisualStudioVersion = 15.0.28307.329
MinimumVisualStudioVersion = 10.0.40219.1
Project("{FAE04EC0-301F-11D3-BF4B-00C04F79EFBC}") = "DTI.VoTech", "DTI.VoTech\DTI.VoTech.csproj", "{76AF47AF-ECA3-446E-8E93-433F8E1FDC01}"
EndProject
Global
	GlobalSection(SolutionConfigurationPlatforms) = preSolution
		Debug|Any CPU = Debug|Any CPU
		Release|Any CPU = Release|Any CPU
	EndGlobalSection
	GlobalSection(ProjectConfigurationPlatforms) = postSolution
		{76AF47AF-ECA3-446E-8E93-433F8E1FDC01}.Debug|Any CPU.ActiveCfg = Debug|Any CPU
		{76AF47AF-ECA3-446E-8E93-433F8E1FDC01}.Debug|Any CPU.Build.0 = Debug|Any CPU
		{76AF47AF-ECA3-446E-8E93-433F8E1FDC01}.Release|Any CPU.ActiveCfg = Release|Any CPU
		{76AF47AF-ECA3-446E-8E93-433F8E1FDC01}.Release|Any CPU.Build.0 = Release|Any CPU
	EndGlobalSection
	GlobalSection(SolutionProperties) = preSolution
		HideSolutionNode = FALSE
	EndGlobalSection
	GlobalSection(ExtensibilityGlobals) = postSolution
		SolutionGuid = {DE022F6E-BAF0-4CFE-A0DB-CA961209CFB6}
	EndGlobalSection
EndGlobal
